
Microsoft Visual Studio Solution File, Format Version 12.00
# Visual Studio Version 17
VisualStudioVersion = 17.13.35617.110
MinimumVisualStudioVersion = 10.0.40219.1
Project("{FAE04EC0-301F-11D3-BF4B-00C04F79EFBC}") = "StardewValley3D", "StardewValley3D\StardewValley3D.csproj", "{A18E3F08-54F2-4580-A630-0845082C3EB9}"
	ProjectSection(ProjectDependencies) = postProject
		{61EE2243-AACF-442A-ABA6-1299532EB9D4} = {61EE2243-AACF-442A-ABA6-1299532EB9D4}
	EndProjectSection
EndProject
Project("{FAE04EC0-301F-11D3-BF4B-00C04F79EFBC}") = "GameDummy", "GameDummy\GameDummy.csproj", "{61EE2243-AACF-442A-ABA6-1299532EB9D4}"
EndProject
Project("{FAE04EC0-301F-11D3-BF4B-00C04F79EFBC}") = "LearnCode", "LearnCode\LearnCode.csproj", "{BA3CEFD3-1ECE-41D3-BA1D-4E9689B2462B}"
EndProject
Global
	GlobalSection(SolutionConfigurationPlatforms) = preSolution
		Debug|Any CPU = Debug|Any CPU
		Release|Any CPU = Release|Any CPU
	EndGlobalSection
	GlobalSection(ProjectConfigurationPlatforms) = postSolution
		{A18E3F08-54F2-4580-A630-0845082C3EB9}.Debug|Any CPU.ActiveCfg = Debug|Any CPU
		{A18E3F08-54F2-4580-A630-0845082C3EB9}.Debug|Any CPU.Build.0 = Debug|Any CPU
		{A18E3F08-54F2-4580-A630-0845082C3EB9}.Release|Any CPU.ActiveCfg = Release|Any CPU
		{A18E3F08-54F2-4580-A630-0845082C3EB9}.Release|Any CPU.Build.0 = Release|Any CPU
		{61EE2243-AACF-442A-ABA6-1299532EB9D4}.Debug|Any CPU.ActiveCfg = Debug|Any CPU
		{61EE2243-AACF-442A-ABA6-1299532EB9D4}.Debug|Any CPU.Build.0 = Debug|Any CPU
		{61EE2243-AACF-442A-ABA6-1299532EB9D4}.Release|Any CPU.ActiveCfg = Release|Any CPU
		{61EE2243-AACF-442A-ABA6-1299532EB9D4}.Release|Any CPU.Build.0 = Release|Any CPU
		{BA3CEFD3-1ECE-41D3-BA1D-4E9689B2462B}.Debug|Any CPU.ActiveCfg = Debug|Any CPU
		{BA3CEFD3-1ECE-41D3-BA1D-4E9689B2462B}.Debug|Any CPU.Build.0 = Debug|Any CPU
		{BA3CEFD3-1ECE-41D3-BA1D-4E9689B2462B}.Release|Any CPU.ActiveCfg = Release|Any CPU
		{BA3CEFD3-1ECE-41D3-BA1D-4E9689B2462B}.Release|Any CPU.Build.0 = Release|Any CPU
	EndGlobalSection
	GlobalSection(SolutionProperties) = preSolution
		HideSolutionNode = FALSE
	EndGlobalSection
	GlobalSection(ExtensibilityGlobals) = postSolution
		SolutionGuid = {71257C24-2E1F-402D-A28B-82544399D792}
	EndGlobalSection
EndGlobal
